{
  "name": "clone",
  "version": "1.0.0",
  "lockfileVersion": 3,
  "requires": true,
  "packages": {
    "": {
      "name": "clone",
      "version": "1.0.0",
      "license": "ISC",
      "dependencies": {
        "@Roman9456/ajs": "npm:@roman9456/ajs@^1.0.0"
      }
    },
    "node_modules/@Roman9456/ajs": {
      "name": "@roman9456/ajs",
      "version": "1.0.0",
      "resolved": "https://npm.pkg.github.com/download/@roman9456/ajs/1.0.0/37a2eba3659e907d1f890a0ad378d29c5e5d6afd",
      "integrity": "sha512-W6j+WH3z/Oq+omJs+TnOapCGSlZ4W9NhqeXPScG89dMJG4lDONxP65XziI2MEGYmu1O/C01uxMgculxWr+u5YQ==",
      "license": "ISC"
    }
  }
}
